
Microsoft Visual Studio Solution File, Format Version 12.00
# Visual Studio Version 17
VisualStudioVersion = 17.0.31903.59
MinimumVisualStudioVersion = 10.0.40219.1
Project("{FAE04EC0-301F-11D3-BF4B-00C04F79EFBC}") = "SOFTEST_INTRO_Calculator", "SOFTEST_INTRO_Calculator\SOFTEST_INTRO_Calculator.csproj", "{F0B1F3A9-07E3-41CF-B1DC-E821D43735F6}"
EndProject
Project("{FAE04EC0-301F-11D3-BF4B-00C04F79EFBC}") = "SOFTEST_INTRO_Calculator.UnitTests", "SOFTEST_INTRO_Calculator.UnitTests\SOFTEST_INTRO_Calculator.UnitTests.csproj", "{81793B49-6053-4F48-9580-6AFA99E88F22}"
EndProject
Project("{FAE04EC0-301F-11D3-BF4B-00C04F79EFBC}") = "SOFTEST_INTRO_Calculator.AcceptanceTests", "SOFTEST_INTRO_Calculator.AcceptanceTests\SOFTEST_INTRO_Calculator.AcceptanceTests.csproj", "{BB75AECD-3235-42EF-9014-25F3FF267668}"
EndProject
Project("{FAE04EC0-301F-11D3-BF4B-00C04F79EFBC}") = "SOFTEST_INTRO_Calculator.IntegrationTests", "SOFTEST_INTRO_Calculator.IntegrationTests\SOFTEST_INTRO_Calculator.IntegrationTests.csproj", "{C1B6DFD0-9CD4-4815-81B6-86B1CEB24D41}"
EndProject
Project("{FAE04EC0-301F-11D3-BF4B-00C04F79EFBC}") = "SOFTEST_INTRO_Calculator.Web", "SOFTEST_INTRO_Calculator.Web\SOFTEST_INTRO_Calculator.Web.csproj", "{3B93A97D-3DA7-460A-94E2-7615889CA36E}"
EndProject
Project("{FAE04EC0-301F-11D3-BF4B-00C04F79EFBC}") = "SOFTEST_INTRO_Calculator.WebUiTests", "SOFTEST_INTRO_Calculator.WebUiTests\SOFTEST_INTRO_Calculator.WebUiTests.csproj", "{94B35CB1-AA44-43DB-8496-26C8D45C9E62}"
EndProject
Global
	GlobalSection(SolutionConfigurationPlatforms) = preSolution
		Debug|Any CPU = Debug|Any CPU
		Debug|x64 = Debug|x64
		Debug|x86 = Debug|x86
		Release|Any CPU = Release|Any CPU
		Release|x64 = Release|x64
		Release|x86 = Release|x86
	EndGlobalSection
	GlobalSection(ProjectConfigurationPlatforms) = postSolution
		{F0B1F3A9-07E3-41CF-B1DC-E821D43735F6}.Debug|Any CPU.ActiveCfg = Debug|Any CPU
		{F0B1F3A9-07E3-41CF-B1DC-E821D43735F6}.Debug|Any CPU.Build.0 = Debug|Any CPU
		{F0B1F3A9-07E3-41CF-B1DC-E821D43735F6}.Debug|x64.ActiveCfg = Debug|Any CPU
		{F0B1F3A9-07E3-41CF-B1DC-E821D43735F6}.Debug|x64.Build.0 = Debug|Any CPU
		{F0B1F3A9-07E3-41CF-B1DC-E821D43735F6}.Debug|x86.ActiveCfg = Debug|Any CPU
		{F0B1F3A9-07E3-41CF-B1DC-E821D43735F6}.Debug|x86.Build.0 = Debug|Any CPU
		{F0B1F3A9-07E3-41CF-B1DC-E821D43735F6}.Release|Any CPU.ActiveCfg = Release|Any CPU
		{F0B1F3A9-07E3-41CF-B1DC-E821D43735F6}.Release|Any CPU.Build.0 = Release|Any CPU
		{F0B1F3A9-07E3-41CF-B1DC-E821D43735F6}.Release|x64.ActiveCfg = Release|Any CPU
		{F0B1F3A9-07E3-41CF-B1DC-E821D43735F6}.Release|x64.Build.0 = Release|Any CPU
		{F0B1F3A9-07E3-41CF-B1DC-E821D43735F6}.Release|x86.ActiveCfg = Release|Any CPU
		{F0B1F3A9-07E3-41CF-B1DC-E821D43735F6}.Release|x86.Build.0 = Release|Any CPU
		{81793B49-6053-4F48-9580-6AFA99E88F22}.Debug|Any CPU.ActiveCfg = Debug|Any CPU
		{81793B49-6053-4F48-9580-6AFA99E88F22}.Debug|Any CPU.Build.0 = Debug|Any CPU
		{81793B49-6053-4F48-9580-6AFA99E88F22}.Debug|x64.ActiveCfg = Debug|Any CPU
		{81793B49-6053-4F48-9580-6AFA99E88F22}.Debug|x64.Build.0 = Debug|Any CPU
		{81793B49-6053-4F48-9580-6AFA99E88F22}.Debug|x86.ActiveCfg = Debug|Any CPU
		{81793B49-6053-4F48-9580-6AFA99E88F22}.Debug|x86.Build.0 = Debug|Any CPU
		{81793B49-6053-4F48-9580-6AFA99E88F22}.Release|Any CPU.ActiveCfg = Release|Any CPU
		{81793B49-6053-4F48-9580-6AFA99E88F22}.Release|Any CPU.Build.0 = Release|Any CPU
		{81793B49-6053-4F48-9580-6AFA99E88F22}.Release|x64.ActiveCfg = Release|Any CPU
		{81793B49-6053-4F48-9580-6AFA99E88F22}.Release|x64.Build.0 = Release|Any CPU
		{81793B49-6053-4F48-9580-6AFA99E88F22}.Release|x86.ActiveCfg = Release|Any CPU
		{81793B49-6053-4F48-9580-6AFA99E88F22}.Release|x86.Build.0 = Release|Any CPU
		{BB75AECD-3235-42EF-9014-25F3FF267668}.Debug|Any CPU.ActiveCfg = Debug|Any CPU
		{BB75AECD-3235-42EF-9014-25F3FF267668}.Debug|Any CPU.Build.0 = Debug|Any CPU
		{BB75AECD-3235-42EF-9014-25F3FF267668}.Debug|x64.ActiveCfg = Debug|Any CPU
		{BB75AECD-3235-42EF-9014-25F3FF267668}.Debug|x64.Build.0 = Debug|Any CPU
		{BB75AECD-3235-42EF-9014-25F3FF267668}.Debug|x86.ActiveCfg = Debug|Any CPU
		{BB75AECD-3235-42EF-9014-25F3FF267668}.Debug|x86.Build.0 = Debug|Any CPU
		{BB75AECD-3235-42EF-9014-25F3FF267668}.Release|Any CPU.ActiveCfg = Release|Any CPU
		{BB75AECD-3235-42EF-9014-25F3FF267668}.Release|Any CPU.Build.0 = Release|Any CPU
		{BB75AECD-3235-42EF-9014-25F3FF267668}.Release|x64.ActiveCfg = Release|Any CPU
		{BB75AECD-3235-42EF-9014-25F3FF267668}.Release|x64.Build.0 = Release|Any CPU
		{BB75AECD-3235-42EF-9014-25F3FF267668}.Release|x86.ActiveCfg = Release|Any CPU
		{BB75AECD-3235-42EF-9014-25F3FF267668}.Release|x86.Build.0 = Release|Any CPU
		{C1B6DFD0-9CD4-4815-81B6-86B1CEB24D41}.Debug|Any CPU.ActiveCfg = Debug|Any CPU
		{C1B6DFD0-9CD4-4815-81B6-86B1CEB24D41}.Debug|Any CPU.Build.0 = Debug|Any CPU
		{C1B6DFD0-9CD4-4815-81B6-86B1CEB24D41}.Debug|x64.ActiveCfg = Debug|Any CPU
		{C1B6DFD0-9CD4-4815-81B6-86B1CEB24D41}.Debug|x64.Build.0 = Debug|Any CPU
		{C1B6DFD0-9CD4-4815-81B6-86B1CEB24D41}.Debug|x86.ActiveCfg = Debug|Any CPU
		{C1B6DFD0-9CD4-4815-81B6-86B1CEB24D41}.Debug|x86.Build.0 = Debug|Any CPU
		{C1B6DFD0-9CD4-4815-81B6-86B1CEB24D41}.Release|Any CPU.ActiveCfg = Release|Any CPU
		{C1B6DFD0-9CD4-4815-81B6-86B1CEB24D41}.Release|Any CPU.Build.0 = Release|Any CPU
		{C1B6DFD0-9CD4-4815-81B6-86B1CEB24D41}.Release|x64.ActiveCfg = Release|Any CPU
		{C1B6DFD0-9CD4-4815-81B6-86B1CEB24D41}.Release|x64.Build.0 = Release|Any CPU
		{C1B6DFD0-9CD4-4815-81B6-86B1CEB24D41}.Release|x86.ActiveCfg = Release|Any CPU
		{C1B6DFD0-9CD4-4815-81B6-86B1CEB24D41}.Release|x86.Build.0 = Release|Any CPU
		{3B93A97D-3DA7-460A-94E2-7615889CA36E}.Debug|Any CPU.ActiveCfg = Debug|Any CPU
		{3B93A97D-3DA7-460A-94E2-7615889CA36E}.Debug|Any CPU.Build.0 = Debug|Any CPU
		{3B93A97D-3DA7-460A-94E2-7615889CA36E}.Debug|x64.ActiveCfg = Debug|Any CPU
		{3B93A97D-3DA7-460A-94E2-7615889CA36E}.Debug|x64.Build.0 = Debug|Any CPU
		{3B93A97D-3DA7-460A-94E2-7615889CA36E}.Debug|x86.ActiveCfg = Debug|Any CPU
		{3B93A97D-3DA7-460A-94E2-7615889CA36E}.Debug|x86.Build.0 = Debug|Any CPU
		{3B93A97D-3DA7-460A-94E2-7615889CA36E}.Release|Any CPU.ActiveCfg = Release|Any CPU
		{3B93A97D-3DA7-460A-94E2-7615889CA36E}.Release|Any CPU.Build.0 = Release|Any CPU
		{3B93A97D-3DA7-460A-94E2-7615889CA36E}.Release|x64.ActiveCfg = Release|Any CPU
		{3B93A97D-3DA7-460A-94E2-7615889CA36E}.Release|x64.Build.0 = Release|Any CPU
		{3B93A97D-3DA7-460A-94E2-7615889CA36E}.Release|x86.ActiveCfg = Release|Any CPU
		{3B93A97D-3DA7-460A-94E2-7615889CA36E}.Release|x86.Build.0 = Release|Any CPU
		{94B35CB1-AA44-43DB-8496-26C8D45C9E62}.Debug|Any CPU.ActiveCfg = Debug|Any CPU
		{94B35CB1-AA44-43DB-8496-26C8D45C9E62}.Debug|Any CPU.Build.0 = Debug|Any CPU
		{94B35CB1-AA44-43DB-8496-26C8D45C9E62}.Debug|x64.ActiveCfg = Debug|Any CPU
		{94B35CB1-AA44-43DB-8496-26C8D45C9E62}.Debug|x64.Build.0 = Debug|Any CPU
		{94B35CB1-AA44-43DB-8496-26C8D45C9E62}.Debug|x86.ActiveCfg = Debug|Any CPU
		{94B35CB1-AA44-43DB-8496-26C8D45C9E62}.Debug|x86.Build.0 = Debug|Any CPU
		{94B35CB1-AA44-43DB-8496-26C8D45C9E62}.Release|Any CPU.ActiveCfg = Release|Any CPU
		{94B35CB1-AA44-43DB-8496-26C8D45C9E62}.Release|Any CPU.Build.0 = Release|Any CPU
		{94B35CB1-AA44-43DB-8496-26C8D45C9E62}.Release|x64.ActiveCfg = Release|Any CPU
		{94B35CB1-AA44-43DB-8496-26C8D45C9E62}.Release|x64.Build.0 = Release|Any CPU
		{94B35CB1-AA44-43DB-8496-26C8D45C9E62}.Release|x86.ActiveCfg = Release|Any CPU
		{94B35CB1-AA44-43DB-8496-26C8D45C9E62}.Release|x86.Build.0 = Release|Any CPU
	EndGlobalSection
	GlobalSection(SolutionProperties) = preSolution
		HideSolutionNode = FALSE
	EndGlobalSection
EndGlobal
